<?xml version="1.0" encoding="utf-8"?>
<Project ToolsVersion="4.0" xmlns="http://schemas.microsoft.com/developer/msbuild/2003">
  <ItemGroup>
    <Filter Include="Source Files">
      <UniqueIdentifier>{4FC737F1-C7A5-4376-A066-2A32D752A2FF}</UniqueIdentifier>
      <Extensions>cpp;c;cc;cxx;def;odl;idl;hpj;bat;asm;asmx</Extensions>
    </Filter>
    <Filter Include="Header Files">
      <UniqueIdentifier>{93995380-89BD-4b04-88EB-625FBE52EBFB}</UniqueIdentifier>
      <Extensions>h;hh;hpp;hxx;hm;inl;inc;xsd</Extensions>
    </Filter>
    <Filter Include="Resource Files">
      <UniqueIdentifier>{67DA6AB6-F800-4c08-8B7A-83BB121AAD01}</UniqueIdentifier>
      <Extensions>rc;ico;cur;bmp;dlg;rc2;rct;bin;rgs;gif;jpg;jpeg;jpe;resx;tiff;tif;png;wav</Extensions>
    </Filter>
  </ItemGroup>
  <ItemGroup>
    <ClCompile Include="uc-cpu\cpu_core.c">
      <Filter>Source Files</Filter>
    </ClCompile>
    <ClCompile Include="uc-cpu\win32\visual_studio\cpu_c.c">
      <Filter>Source Files</Filter>
    </ClCompile>
    <ClCompile Include="uc-lib\lib_ascii.c">
      <Filter>Source Files</Filter>
    </ClCompile>
    <ClCompile Include="uc-lib\lib_math.c">
      <Filter>Source Files</Filter>
    </ClCompile>
    <ClCompile Include="uc-lib\lib_mem.c">
      <Filter>Source Files</Filter>
    </ClCompile>
    <ClCompile Include="uc-lib\lib_str.c">
      <Filter>Source Files</Filter>
    </ClCompile>
    <ClCompile Include="uc-os2\cfg\template\app_hooks.c">
      <Filter>Source Files</Filter>
    </ClCompile>
    <ClCompile Include="uc-os2\ports\win32\visual studio\os_cpu_c.c">
      <Filter>Source Files</Filter>
    </ClCompile>
    <ClCompile Include="main.c">
      <Filter>Source Files</Filter>
    </ClCompile>
    <ClCompile Include="uc-os2\source\os_dbg_r.c">
      <Filter>Source Files</Filter>
    </ClCompile>
    <ClCompile Include="uc-os2\source\ucos_ii.c">
      <Filter>Source Files</Filter>
    </ClCompile>
    <ClCompile Include="uC-OS2\Source\os_core.c">
      <Filter>Source Files</Filter>
    </ClCompile>
    <ClCompile Include="uC-OS2\Source\os_flag.c">
      <Filter>Source Files</Filter>
    </ClCompile>
    <ClCompile Include="uC-OS2\Source\os_mbox.c">
      <Filter>Source Files</Filter>
    </ClCompile>
    <ClCompile Include="uC-OS2\Source\os_mem.c">
      <Filter>Source Files</Filter>
    </ClCompile>
    <ClCompile Include="uC-OS2\Source\os_mutex.c">
      <Filter>Source Files</Filter>
    </ClCompile>
    <ClCompile Include="uC-OS2\Source\os_q.c">
      <Filter>Source Files</Filter>
    </ClCompile>
    <ClCompile Include="uC-OS2\Source\os_sem.c">
      <Filter>Source Files</Filter>
    </ClCompile>
    <ClCompile Include="uC-OS2\Source\os_task.c">
      <Filter>Source Files</Filter>
    </ClCompile>
    <ClCompile Include="uC-OS2\Source\os_time.c">
      <Filter>Source Files</Filter>
    </ClCompile>
    <ClCompile Include="uC-OS2\Source\os_tmr.c">
      <Filter>Source Files</Filter>
    </ClCompile>
    <ClCompile Include="usercode\usercode.c">
      <Filter>Source Files</Filter>
    </ClCompile>
  </ItemGroup>
  <ItemGroup>
    <ClInclude Include="uc-cpu\cpu_cache.h">
      <Filter>Header Files</Filter>
    </ClInclude>
    <ClInclude Include="uc-cpu\cpu_core.h">
      <Filter>Header Files</Filter>
    </ClInclude>
    <ClInclude Include="uc-cpu\cpu_def.h">
      <Filter>Header Files</Filter>
    </ClInclude>
    <ClInclude Include="uc-cpu\cfg\template\cpu_cfg.h">
      <Filter>Header Files</Filter>
    </ClInclude>
    <ClInclude Include="uc-cpu\win32\visual_studio\cpu.h">
      <Filter>Header Files</Filter>
    </ClInclude>
    <ClInclude Include="uc-lib\lib_ascii.h">
      <Filter>Header Files</Filter>
    </ClInclude>
    <ClInclude Include="uc-lib\lib_def.h">
      <Filter>Header Files</Filter>
    </ClInclude>
    <ClInclude Include="uc-lib\lib_math.h">
      <Filter>Header Files</Filter>
    </ClInclude>
    <ClInclude Include="uc-lib\lib_mem.h">
      <Filter>Header Files</Filter>
    </ClInclude>
    <ClInclude Include="uc-lib\lib_str.h">
      <Filter>Header Files</Filter>
    </ClInclude>
    <ClInclude Include="uc-lib\cfg\template\lib_cfg.h">
      <Filter>Header Files</Filter>
    </ClInclude>
    <ClInclude Include="uc-os2\cfg\template\app_cfg.h">
      <Filter>Header Files</Filter>
    </ClInclude>
    <ClInclude Include="uc-os2\cfg\template\cpu_cfg.h">
      <Filter>Header Files</Filter>
    </ClInclude>
    <ClInclude Include="uc-os2\cfg\template\os_cfg.h">
      <Filter>Header Files</Filter>
    </ClInclude>
    <ClInclude Include="uc-os2\ports\win32\visual studio\os_cpu.h">
      <Filter>Header Files</Filter>
    </ClInclude>
    <ClInclude Include="uc-os2\source\os.h">
      <Filter>Header Files</Filter>
    </ClInclude>
    <ClInclude Include="uc-os2\source\ucos_ii.h">
      <Filter>Header Files</Filter>
    </ClInclude>
    <ClInclude Include="uC-OS2\Source\os_trace.h">
      <Filter>Header Files</Filter>
    </ClInclude>
    <ClInclude Include="usercode\usercode.h">
      <Filter>Header Files</Filter>
    </ClInclude>
    <ClInclude Include="usercode\INCLUDES.H">
      <Filter>Header Files</Filter>
    </ClInclude>
  </ItemGroup>
</Project>